
Microsoft Visual Studio Solution File, Format Version 12.00
# Visual Studio Version 17
VisualStudioVersion = 17.11.35312.102
MinimumVisualStudioVersion = 10.0.40219.1
Project("{FAE04EC0-301F-11D3-BF4B-00C04F79EFBC}") = "MediaTRAndDapper", "MediaTRAndDapper\MediaTRAndDapper.csproj", "{33EED46E-95C9-4CED-B729-EB0DD03401D5}"
EndProject
Global
	GlobalSection(SolutionConfigurationPlatforms) = preSolution
		Debug|Any CPU = Debug|Any CPU
		Release|Any CPU = Release|Any CPU
	EndGlobalSection
	GlobalSection(ProjectConfigurationPlatforms) = postSolution
		{33EED46E-95C9-4CED-B729-EB0DD03401D5}.Debug|Any CPU.ActiveCfg = Debug|Any CPU
		{33EED46E-95C9-4CED-B729-EB0DD03401D5}.Debug|Any CPU.Build.0 = Debug|Any CPU
		{33EED46E-95C9-4CED-B729-EB0DD03401D5}.Release|Any CPU.ActiveCfg = Release|Any CPU
		{33EED46E-95C9-4CED-B729-EB0DD03401D5}.Release|Any CPU.Build.0 = Release|Any CPU
	EndGlobalSection
	GlobalSection(SolutionProperties) = preSolution
		HideSolutionNode = FALSE
	EndGlobalSection
	GlobalSection(ExtensibilityGlobals) = postSolution
		SolutionGuid = {38CF39AA-85BC-4555-A65C-16FC5F3261A3}
	EndGlobalSection
EndGlobal
